{
  "name": "expo-template-blank",
  "version": "43.0.5",
  "lockfileVersion": 1,
  "requires": true,
  "dependencies": {
    "emoji-datasource": {
      "version": "6.1.1",
      "resolved": "https://registry.npmjs.org/emoji-datasource/-/emoji-datasource-6.1.1.tgz",
      "integrity": "sha512-fbS3QJpzGHhujvBULSKXcvsYmVg+1ldfI3VVXG3jnFuniZtkp7rz/OcTcQjbp3m43BYxmiJgKmaoOUPxXQupRQ=="
    },
    "i": {
      "version": "0.3.7",
      "resolved": "https://registry.npmjs.org/i/-/i-0.3.7.tgz",
      "integrity": "sha512-FYz4wlXgkQwIPqhzC5TdNMLSE5+GS1IIDJZY/1ZiEPCT2S3COUVZeT5OW4BmW4r5LHLQuOosSwsvnroG9GR59Q=="
    },
    "react-native-emoji-selector": {
      "version": "0.2.0",
      "resolved": "https://registry.npmjs.org/react-native-emoji-selector/-/react-native-emoji-selector-0.2.0.tgz",
      "integrity": "sha512-+rPPWG5vl5AexdH8udEwtzdq9QUGD6kp+dQ8C/459d3ScM0S3UnT/qAvhmpsTgCbgjpdwiJIcrKNxKmGEDb15g==",
      "requires": {
        "emoji-datasource": "^6.0.0"
      }
    }
  }
}
